github.com/gozelle/go-internal v1.9.0 h1:VVobf+WAesfyYtHklxbmzo+2IXdTw3PxiwkmwC6QTTA=
github.com/gozelle/go-internal v1.9.0/go.mod h1:o484tiDnf0hnhpY4OpWLmI0eWURobX0OX3YP1CBEzbU=
github.com/gozelle/pty v1.1.18/go.mod h1:SfI1d649o2MwHyGTx3gtCqh2AuntxoqVvXU0C5uIWII=
github.com/gozelle/text v0.2.0 h1:p0p6mIm1aD0lDN798Pfx9T0itU8O/iUoauFvPUtV6Gw=
github.com/gozelle/text v0.2.0/go.mod h1:SEbJmvp9HEs+yRjPJyNLQeRJ8dLwI3sx7cPyu/xt8fc=
github.com/pkg/diff v0.0.0-20210226163009-20ebb0f2a09e/go.mod h1:pJLUxLENpZxwdsKMEsNbx1VGcRFpLqf3715MtcvvzbA=
